
Microsoft Visual Studio Solution File, Format Version 12.00
# Visual Studio Version 16
VisualStudioVersion = 16.0.30907.101
MinimumVisualStudioVersion = 10.0.40219.1
Project("{FAE04EC0-301F-11D3-BF4B-00C04F79EFBC}") = "assignment4", "assignment4.csproj", "{B8471FF4-D2D7-4266-AB55-67CC2E6CD5BE}"
EndProject
Global
	GlobalSection(SolutionConfigurationPlatforms) = preSolution
		Debug|Any CPU = Debug|Any CPU
		Release|Any CPU = Release|Any CPU
	EndGlobalSection
	GlobalSection(ProjectConfigurationPlatforms) = postSolution
		{B8471FF4-D2D7-4266-AB55-67CC2E6CD5BE}.Debug|Any CPU.ActiveCfg = Debug|Any CPU
		{B8471FF4-D2D7-4266-AB55-67CC2E6CD5BE}.Debug|Any CPU.Build.0 = Debug|Any CPU
		{B8471FF4-D2D7-4266-AB55-67CC2E6CD5BE}.Release|Any CPU.ActiveCfg = Release|Any CPU
		{B8471FF4-D2D7-4266-AB55-67CC2E6CD5BE}.Release|Any CPU.Build.0 = Release|Any CPU
	EndGlobalSection
	GlobalSection(SolutionProperties) = preSolution
		HideSolutionNode = FALSE
	EndGlobalSection
	GlobalSection(ExtensibilityGlobals) = postSolution
		SolutionGuid = {014CFE9A-D9F0-46E5-9D99-3C2544C45D22}
	EndGlobalSection
EndGlobal
